
Microsoft Visual Studio Solution File, Format Version 12.00
# Visual Studio 15
VisualStudioVersion = 15.0.28307.779
MinimumVisualStudioVersion = 10.0.40219.1
Project("{FAE04EC0-301F-11D3-BF4B-00C04F79EFBC}") = "XGame.Domain", "XGame.Domain\XGame.Domain.csproj", "{4E10A6DB-B0E9-4C19-B525-F458CC6AA172}"
EndProject
Project("{FAE04EC0-301F-11D3-BF4B-00C04F79EFBC}") = "XGame.Infra2", "XGame.Infra2\XGame.Infra2.csproj", "{683FEB86-06B8-47F9-88BA-300AF2F6783F}"
EndProject
Project("{FAE04EC0-301F-11D3-BF4B-00C04F79EFBC}") = "XGame.IoC", "XGame.IoC\XGame.IoC.csproj", "{68DB26F2-17E9-44E0-AFF9-B4F38A484F80}"
EndProject
Project("{FAE04EC0-301F-11D3-BF4B-00C04F79EFBC}") = "XGame.Api", "XGame.Api\XGame.Api.csproj", "{D1CCDEBB-2EA8-43D4-9BFD-83C7C3CDE9E4}"
EndProject
Global
	GlobalSection(SolutionConfigurationPlatforms) = preSolution
		Debug|Any CPU = Debug|Any CPU
		Release|Any CPU = Release|Any CPU
	EndGlobalSection
	GlobalSection(ProjectConfigurationPlatforms) = postSolution
		{4E10A6DB-B0E9-4C19-B525-F458CC6AA172}.Debug|Any CPU.ActiveCfg = Debug|Any CPU
		{4E10A6DB-B0E9-4C19-B525-F458CC6AA172}.Debug|Any CPU.Build.0 = Debug|Any CPU
		{4E10A6DB-B0E9-4C19-B525-F458CC6AA172}.Release|Any CPU.ActiveCfg = Release|Any CPU
		{4E10A6DB-B0E9-4C19-B525-F458CC6AA172}.Release|Any CPU.Build.0 = Release|Any CPU
		{683FEB86-06B8-47F9-88BA-300AF2F6783F}.Debug|Any CPU.ActiveCfg = Debug|Any CPU
		{683FEB86-06B8-47F9-88BA-300AF2F6783F}.Debug|Any CPU.Build.0 = Debug|Any CPU
		{683FEB86-06B8-47F9-88BA-300AF2F6783F}.Release|Any CPU.ActiveCfg = Release|Any CPU
		{683FEB86-06B8-47F9-88BA-300AF2F6783F}.Release|Any CPU.Build.0 = Release|Any CPU
		{68DB26F2-17E9-44E0-AFF9-B4F38A484F80}.Debug|Any CPU.ActiveCfg = Debug|Any CPU
		{68DB26F2-17E9-44E0-AFF9-B4F38A484F80}.Debug|Any CPU.Build.0 = Debug|Any CPU
		{68DB26F2-17E9-44E0-AFF9-B4F38A484F80}.Release|Any CPU.ActiveCfg = Release|Any CPU
		{68DB26F2-17E9-44E0-AFF9-B4F38A484F80}.Release|Any CPU.Build.0 = Release|Any CPU
		{D1CCDEBB-2EA8-43D4-9BFD-83C7C3CDE9E4}.Debug|Any CPU.ActiveCfg = Debug|Any CPU
		{D1CCDEBB-2EA8-43D4-9BFD-83C7C3CDE9E4}.Debug|Any CPU.Build.0 = Debug|Any CPU
		{D1CCDEBB-2EA8-43D4-9BFD-83C7C3CDE9E4}.Release|Any CPU.ActiveCfg = Release|Any CPU
		{D1CCDEBB-2EA8-43D4-9BFD-83C7C3CDE9E4}.Release|Any CPU.Build.0 = Release|Any CPU
	EndGlobalSection
	GlobalSection(SolutionProperties) = preSolution
		HideSolutionNode = FALSE
	EndGlobalSection
	GlobalSection(ExtensibilityGlobals) = postSolution
		SolutionGuid = {E3BB178D-4231-4D91-9D1D-83B3B4C407BC}
	EndGlobalSection
EndGlobal
