
Microsoft Visual Studio Solution File, Format Version 12.00
# Visual Studio 15
VisualStudioVersion = 15.0.28307.779
MinimumVisualStudioVersion = 10.0.40219.1
Project("{FAE04EC0-301F-11D3-BF4B-00C04F79EFBC}") = "XGame.Domain", "XGame.Domain\XGame.Domain.csproj", "{4E10A6DB-B0E9-4C19-B525-F458CC6AA172}"
EndProject
Project("{FAE04EC0-301F-11D3-BF4B-00C04F79EFBC}") = "XGame.AppConsole", "XGame.AppConsol\XGame.AppConsole.csproj", "{C04BC42D-88C9-4B56-80B6-B0575E658AF0}"
EndProject
Global
	GlobalSection(SolutionConfigurationPlatforms) = preSolution
		Debug|Any CPU = Debug|Any CPU
		Release|Any CPU = Release|Any CPU
	EndGlobalSection
	GlobalSection(ProjectConfigurationPlatforms) = postSolution
		{4E10A6DB-B0E9-4C19-B525-F458CC6AA172}.Debug|Any CPU.ActiveCfg = Debug|Any CPU
		{4E10A6DB-B0E9-4C19-B525-F458CC6AA172}.Debug|Any CPU.Build.0 = Debug|Any CPU
		{4E10A6DB-B0E9-4C19-B525-F458CC6AA172}.Release|Any CPU.ActiveCfg = Release|Any CPU
		{4E10A6DB-B0E9-4C19-B525-F458CC6AA172}.Release|Any CPU.Build.0 = Release|Any CPU
		{C04BC42D-88C9-4B56-80B6-B0575E658AF0}.Debug|Any CPU.ActiveCfg = Debug|Any CPU
		{C04BC42D-88C9-4B56-80B6-B0575E658AF0}.Debug|Any CPU.Build.0 = Debug|Any CPU
		{C04BC42D-88C9-4B56-80B6-B0575E658AF0}.Release|Any CPU.ActiveCfg = Release|Any CPU
		{C04BC42D-88C9-4B56-80B6-B0575E658AF0}.Release|Any CPU.Build.0 = Release|Any CPU
	EndGlobalSection
	GlobalSection(SolutionProperties) = preSolution
		HideSolutionNode = FALSE
	EndGlobalSection
	GlobalSection(ExtensibilityGlobals) = postSolution
		SolutionGuid = {E3BB178D-4231-4D91-9D1D-83B3B4C407BC}
	EndGlobalSection
EndGlobal
